// !$*UTF8*$!
{
	archiveVersion = 1;
	classes = {
	};
	objectVersion = 50;
	objects = {

/* Begin PBXBuildFile section */
		A694FAFC207F2F4A004FEF7F /* main.m in Sources */ = {isa = PBXBuildFile; fileRef = A694FAFB207F2F4A004FEF7F /* main.m */; };
		A694FB04207F2FCF004FEF7F /* Person.m in Sources */ = {isa = PBXBuildFile; fileRef = A694FB03207F2FCF004FEF7F /* Person.m */; };
		A694FB07207F2FE1004FEF7F /* PersonBuilder.m in Sources */ = {isa = PBXBuildFile; fileRef = A694FB06207F2FE1004FEF7F /* PersonBuilder.m */; };
/* End PBXBuildFile section */

/* Begin PBXCopyFilesBuildPhase section */
		A694FAF6207F2F4A004FEF7F /* CopyFiles */ = {
			isa = PBXCopyFilesBuildPhase;
			buildActionMask = 2147483647;
			dstPath = /usr/share/man/man1/;
			dstSubfolderSpec = 0;
			files = (
			);
			runOnlyForDeploymentPostprocessing = 1;
		};
/* End PBXCopyFilesBuildPhase section */

/* Begin PBXFileReference section */
		A694FAF8207F2F4A004FEF7F /* BuilderDemo */ = {isa = PBXFileReference; explicitFileType = "compiled.mach-o.executable"; includeInIndex = 0; path = BuilderDemo; sourceTree = BUILT_PRODUCTS_DIR; };
		A694FAFB207F2F4A004FEF7F /* main.m */ = {isa = PBXFileReference; lastKnownFileType = sourcecode.c.objc; path = main.m; sourceTree = "<group>"; };
		A694FB02207F2FCF004FEF7F /* Person.h */ = {isa = PBXFileReference; lastKnownFileType = sourcecode.c.h; path = Person.h; sourceTree = "<group>"; };
		A694FB03207F2FCF004FEF7F /* Person.m */ = {isa = PBXFileReference; lastKnownFileType = sourcecode.c.objc; path = Person.m; sourceTree = "<group>"; };
		A694FB05207F2FE1004FEF7F /* PersonBuilder.h */ = {isa = PBXFileReference; lastKnownFileType = sourcecode.c.h; path = PersonBuilder.h; sourceTree = "<group>"; };
		A694FB06207F2FE1004FEF7F /* PersonBuilder.m */ = {isa = PBXFileReference; lastKnownFileType = sourcecode.c.objc; path = PersonBuilder.m; sourceTree = "<group>"; };
/* End PBXFileReference section */

/* Begin PBXFrameworksBuildPhase section */
		A694FAF5207F2F4A004FEF7F /* Frameworks */ = {
			isa = PBXFrameworksBuildPhase;
			buildActionMask = 2147483647;
			files = (
			);
			runOnlyForDeploymentPostprocessing = 0;
		};
/* End PBXFrameworksBuildPhase section */

/* Begin PBXGroup section */
		A694FAEF207F2F4A004FEF7F = {
			isa = PBXGroup;
			children = (
				A694FAFA207F2F4A004FEF7F /* BuilderDemo */,
				A694FAF9207F2F4A004FEF7F /* Products */,
			);
			sourceTree = "<group>";
		};
		A694FAF9207F2F4A004FEF7F /* Products */ = {
			isa = PBXGroup;
			children = (
				A694FAF8207F2F4A004FEF7F /* BuilderDemo */,
			);
			name = Products;
			sourceTree = "<group>";
		};
		A694FAFA207F2F4A004FEF7F /* BuilderDemo */ = {
			isa = PBXGroup;
			children = (
				A694FAFB207F2F4A004FEF7F /* main.m */,
				A694FB02207F2FCF004FEF7F /* Person.h */,
				A694FB03207F2FCF004FEF7F /* Person.m */,
				A694FB05207F2FE1004FEF7F /* PersonBuilder.h */,
				A694FB06207F2FE1004FEF7F /* PersonBuilder.m */,
			);
			path = BuilderDemo;
			sourceTree = "<group>";
		};
/* End PBXGroup section */

/* Begin PBXNativeTarget section */
		A694FAF7207F2F4A004FEF7F /* BuilderDemo */ = {
			isa = PBXNativeTarget;
			buildConfigurationList = A694FAFF207F2F4A004FEF7F /* Build configuration list for PBXNativeTarget "BuilderDemo" */;
			buildPhases = (
				A694FAF4207F2F4A004FEF7F /* Sources */,
				A694FAF5207F2F4A004FEF7F /* Frameworks */,
				A694FAF6207F2F4A004FEF7F /* CopyFiles */,
			);
			buildRules = (
			);
			dependencies = (
			);
			name = BuilderDemo;
			productName = BuilderDemo;
			productReference = A694FAF8207F2F4A004FEF7F /* BuilderDemo */;
			productType = "com.apple.product-type.tool";
		};
/* End PBXNativeTarget section */

/* Begin PBXProject section */
		A694FAF0207F2F4A004FEF7F /* Project object */ = {
			isa = PBXProject;
			attributes = {
				LastUpgradeCheck = 0930;
				ORGANIZATIONNAME = RPGLiker;
				TargetAttributes = {
					A694FAF7207F2F4A004FEF7F = {
						CreatedOnToolsVersion = 9.3;
					};
				};
			};
			buildConfigurationList = A694FAF3207F2F4A004FEF7F /* Build configuration list for PBXProject "BuilderDemo" */;
			compatibilityVersion = "Xcode 9.3";
			developmentRegion = en;
			hasScannedForEncodings = 0;
			knownRegions = (
				en,
			);
			mainGroup = A694FAEF207F2F4A004FEF7F;
			productRefGroup = A694FAF9207F2F4A004FEF7F /* Products */;
			projectDirPath = "";
			projectRoot = "";
			targets = (
				A694FAF7207F2F4A004FEF7F /* BuilderDemo */,
			);
		};
/* End PBXProject section */

/* Begin PBXSourcesBuildPhase section */
		A694FAF4207F2F4A004FEF7F /* Sources */ = {
			isa = PBXSourcesBuildPhase;
			buildActionMask = 2147483647;
			files = (
				A694FB04207F2FCF004FEF7F /* Person.m in Sources */,
				A694FAFC207F2F4A004FEF7F /* main.m in Sources */,
				A694FB07207F2FE1004FEF7F /* PersonBuilder.m in Sources */,
			);
			runOnlyForDeploymentPostprocessing = 0;
		};
/* End PBXSourcesBuildPhase section */

/* Begin XCBuildConfiguration section */
		A694FAFD207F2F4A004FEF7F /* Debug */ = {
			isa = XCBuildConfiguration;
			buildSettings = {
				ALWAYS_SEARCH_USER_PATHS = NO;
				CLANG_ANALYZER_NONNULL = YES;
				CLANG_ANALYZER_NUMBER_OBJECT_CONVERSION = YES_AGGRESSIVE;
				CLANG_CXX_LANGUAGE_STANDARD = "gnu++14";
				CLANG_CXX_LIBRARY = "libc++";
				CLANG_ENABLE_MODULES = YES;
				CLANG_ENABLE_OBJC_ARC = YES;
				CLANG_ENABLE_OBJC_WEAK = YES;
				CLANG_WARN_BLOCK_CAPTURE_AUTORELEASING = YES;
				CLANG_WARN_BOOL_CONVERSION = YES;
				CLANG_WARN_COMMA = YES;
				CLANG_WARN_CONSTANT_CONVERSION = YES;
				CLANG_WARN_DEPRECATED_OBJC_IMPLEMENTATIONS = YES;
				CLANG_WARN_DIRECT_OBJC_ISA_USAGE = YES_ERROR;
				CLANG_WARN_DOCUMENTATION_COMMENTS = YES;
				CLANG_WARN_EMPTY_BODY = YES;
				CLANG_WARN_ENUM_CONVERSION = YES;
				CLANG_WARN_INFINITE_RECURSION = YES;
				CLANG_WARN_INT_CONVERSION = YES;
				CLANG_WARN_NON_LITERAL_NULL_CONVERSION = YES;
				CLANG_WARN_OBJC_IMPLICIT_RETAIN_SELF = YES;
				CLANG_WARN_OBJC_LITERAL_CONVERSION = YES;
				CLANG_WARN_OBJC_ROOT_CLASS = YES_ERROR;
				CLANG_WARN_RANGE_LOOP_ANALYSIS = YES;
				CLANG_WARN_STRICT_PROTOTYPES = YES;
				CLANG_WARN_SUSPICIOUS_MOVE = YES;
				CLANG_WARN_UNGUARDED_AVAILABILITY = YES_AGGRESSIVE;
				CLANG_WARN_UNREACHABLE_CODE = YES;
				CLANG_WARN__DUPLICATE_METHOD_MATCH = YES;
				CODE_SIGN_IDENTITY = "Mac Developer";
				COPY_PHASE_STRIP = NO;
				DEBUG_INFORMATION_FORMAT = dwarf;
				ENABLE_STRICT_OBJC_MSGSEND = YES;
				ENABLE_TESTABILITY = YES;
				GCC_C_LANGUAGE_STANDARD = gnu11;
				GCC_DYNAMIC_NO_PIC = NO;
				GCC_NO_COMMON_BLOCKS = YES;
				GCC_OPTIMIZATION_LEVEL = 0;
				GCC_PREPROCESSOR_DEFINITIONS = (
					"DEBUG=1",
					"$(inherited)",
				);
				GCC_WARN_64_TO_32_BIT_CONVERSION = YES;
				GCC_WARN_ABOUT_RETURN_TYPE = YES_ERROR;
				GCC_WARN_UNDECLARED_SELECTOR = YES;
				GCC_WARN_UNINITIALIZED_AUTOS = YES_AGGRESSIVE;
				GCC_WARN_UNUSED_FUNCTION = YES;
				GCC_WARN_UNUSED_VARIABLE = YES;
				MACOSX_DEPLOYMENT_TARGET = 10.13;
				MTL_ENABLE_DEBUG_INFO = YES;
				ONLY_ACTIVE_ARCH = YES;
				SDKROOT = macosx;
			};
			name = Debug;
		};
		A694FAFE207F2F4A004FEF7F /* Release */ = {
			isa = XCBuildConfiguration;
			buildSettings = {
				ALWAYS_SEARCH_USER_PATHS = NO;
				CLANG_ANALYZER_NONNULL = YES;
				CLANG_ANALYZER_NUMBER_OBJECT_CONVERSION = YES_AGGRESSIVE;
				CLANG_CXX_LANGUAGE_STANDARD = "gnu++14";
				CLANG_CXX_LIBRARY = "libc++";
				CLANG_ENABLE_MODULES = YES;
				CLANG_ENABLE_OBJC_ARC = YES;
				CLANG_ENABLE_OBJC_WEAK = YES;
				CLANG_WARN_BLOCK_CAPTURE_AUTORELEASING = YES;
				CLANG_WARN_BOOL_CONVERSION = YES;
				CLANG_WARN_COMMA = YES;
				CLANG_WARN_CONSTANT_CONVERSION = YES;
				CLANG_WARN_DEPRECATED_OBJC_IMPLEMENTATIONS = YES;
				CLANG_WARN_DIRECT_OBJC_ISA_USAGE = YES_ERROR;
				CLANG_WARN_DOCUMENTATION_COMMENTS = YES;
				CLANG_WARN_EMPTY_BODY = YES;
				CLANG_WARN_ENUM_CONVERSION = YES;
				CLANG_WARN_INFINITE_RECURSION = YES;
				CLANG_WARN_INT_CONVERSION = YES;
				CLANG_WARN_NON_LITERAL_NULL_CONVERSION = YES;
				CLANG_WARN_OBJC_IMPLICIT_RETAIN_SELF = YES;
				CLANG_WARN_OBJC_LITERAL_CONVERSION = YES;
				CLANG_WARN_OBJC_ROOT_CLASS = YES_ERROR;
				CLANG_WARN_RANGE_LOOP_ANALYSIS = YES;
				CLANG_WARN_STRICT_PROTOTYPES = YES;
				CLANG_WARN_SUSPICIOUS_MOVE = YES;
				CLANG_WARN_UNGUARDED_AVAILABILITY = YES_AGGRESSIVE;
				CLANG_WARN_UNREACHABLE_CODE = YES;
				CLANG_WARN__DUPLICATE_METHOD_MATCH = YES;
				CODE_SIGN_IDENTITY = "Mac Developer";
				COPY_PHASE_STRIP = NO;
				DEBUG_INFORMATION_FORMAT = "dwarf-with-dsym";
				ENABLE_NS_ASSERTIONS = NO;
				ENABLE_STRICT_OBJC_MSGSEND = YES;
				GCC_C_LANGUAGE_STANDARD = gnu11;
				GCC_NO_COMMON_BLOCKS = YES;
				GCC_WARN_64_TO_32_BIT_CONVERSION = YES;
				GCC_WARN_ABOUT_RETURN_TYPE = YES_ERROR;
				GCC_WARN_UNDECLARED_SELECTOR = YES;
				GCC_WARN_UNINITIALIZED_AUTOS = YES_AGGRESSIVE;
				GCC_WARN_UNUSED_FUNCTION = YES;
				GCC_WARN_UNUSED_VARIABLE = YES;
				MACOSX_DEPLOYMENT_TARGET = 10.13;
				MTL_ENABLE_DEBUG_INFO = NO;
				SDKROOT = macosx;
			};
			name = Release;
		};
		A694FB00207F2F4A004FEF7F /* Debug */ = {
			isa = XCBuildConfiguration;
			buildSettings = {
				CODE_SIGN_STYLE = Automatic;
				DEVELOPMENT_TEAM = V3P7E8N222;
				PRODUCT_NAME = "$(TARGET_NAME)";
			};
			name = Debug;
		};
		A694FB01207F2F4A004FEF7F /* Release */ = {
			isa = XCBuildConfiguration;
			buildSettings = {
				CODE_SIGN_STYLE = Automatic;
				DEVELOPMENT_TEAM = V3P7E8N222;
				PRODUCT_NAME = "$(TARGET_NAME)";
			};
			name = Release;
		};
/* End XCBuildConfiguration section */

/* Begin XCConfigurationList section */
		A694FAF3207F2F4A004FEF7F /* Build configuration list for PBXProject "BuilderDemo" */ = {
			isa = XCConfigurationList;
			buildConfigurations = (
				A694FAFD207F2F4A004FEF7F /* Debug */,
				A694FAFE207F2F4A004FEF7F /* Release */,
			);
			defaultConfigurationIsVisible = 0;
			defaultConfigurationName = Release;
		};
		A694FAFF207F2F4A004FEF7F /* Build configuration list for PBXNativeTarget "BuilderDemo" */ = {
			isa = XCConfigurationList;
			buildConfigurations = (
				A694FB00207F2F4A004FEF7F /* Debug */,
				A694FB01207F2F4A004FEF7F /* Release */,
			);
			defaultConfigurationIsVisible = 0;
			defaultConfigurationName = Release;
		};
/* End XCConfigurationList section */
	};
	rootObject = A694FAF0207F2F4A004FEF7F /* Project object */;
}
